// !$*UTF8*$!
{
	archiveVersion = 1;
	classes = {
	};
	objectVersion = 48;
	objects = {

/* Begin PBXBuildFile section */
		630989AC1E04CDFF00CF638D /* Default-568h@2x.png in Resources */ = {isa = PBXBuildFile; fileRef = 630989AB1E04CDFF00CF638D /* Default-568h@2x.png */; };
		63098A551E04E11200CF638D /* uiios_displaytimer.mm in Sources */ = {isa = PBXBuildFile; fileRef = 63098A531E04E11200CF638D /* uiios_displaytimer.mm */; };
		63098A581E0F311600CF638D /* shaders in Resources */ = {isa = PBXBuildFile; fileRef = 63098A571E0F311600CF638D /* shaders */; };
		63098A5A1E0F313D00CF638D /* shaders in Resources */ = {isa = PBXBuildFile; fileRef = 63098A591E0F313D00CF638D /* shaders */; };
		63CA9A551E0371F5002240BE /* libaft-macosx.a in Frameworks */ = {isa = PBXBuildFile; fileRef = 63CA9A3E1E037175002240BE /* libaft-macosx.a */; };
		63CA9A561E0371FB002240BE /* libact-macosx.a in Frameworks */ = {isa = PBXBuildFile; fileRef = 63CA9A421E037175002240BE /* libact-macosx.a */; };
		63CA9A571E037200002240BE /* libagt-macosx.a in Frameworks */ = {isa = PBXBuildFile; fileRef = 63CA9A441E037175002240BE /* libagt-macosx.a */; };
		FA223AF817618818000FE3E9 /* UIKit.framework in Frameworks */ = {isa = PBXBuildFile; fileRef = FA223AF717618817000FE3E9 /* UIKit.framework */; };
		FA223AFA17618825000FE3E9 /* Foundation.framework in Frameworks */ = {isa = PBXBuildFile; fileRef = FA223AF917618825000FE3E9 /* Foundation.framework */; };
		FA223AFC17618832000FE3E9 /* CoreGraphics.framework in Frameworks */ = {isa = PBXBuildFile; fileRef = FA223AFB17618832000FE3E9 /* CoreGraphics.framework */; };
		FA223AFE17618839000FE3E9 /* GLKit.framework in Frameworks */ = {isa = PBXBuildFile; fileRef = FA223AFD17618839000FE3E9 /* GLKit.framework */; };
		FA223B0017618842000FE3E9 /* OpenGLES.framework in Frameworks */ = {isa = PBXBuildFile; fileRef = FA223AFF17618842000FE3E9 /* OpenGLES.framework */; };
		FA223B0D1766B78A000FE3E9 /* uimac_openglwindow.mm in Sources */ = {isa = PBXBuildFile; fileRef = FA223B091766B78A000FE3E9 /* uimac_openglwindow.mm */; };
		FA223B0E1766B78A000FE3E9 /* uimac_renderingcontext.mm in Sources */ = {isa = PBXBuildFile; fileRef = FA223B0B1766B78A000FE3E9 /* uimac_renderingcontext.mm */; };
		FA2318E8178E3BAC0050DE3A /* uiios_openglwindow.mm in Sources */ = {isa = PBXBuildFile; fileRef = FA2318E7178E3BAB0050DE3A /* uiios_openglwindow.mm */; };
		FA2318EB178E47A80050DE3A /* uiios_renderingcontext.mm in Sources */ = {isa = PBXBuildFile; fileRef = FA2318EA178E47A80050DE3A /* uiios_renderingcontext.mm */; };
		FA2318EF179328140050DE3A /* QuartzCore.framework in Frameworks */ = {isa = PBXBuildFile; fileRef = FA2318EE179328140050DE3A /* QuartzCore.framework */; };
		FA57D99E1DBBAE3400264358 /* libGLEW.a in Frameworks */ = {isa = PBXBuildFile; fileRef = FA57D99D1DBBAE3400264358 /* libGLEW.a */; };
		FA9B164615AA7E180017DCD5 /* appios_appdelegate.mm in Sources */ = {isa = PBXBuildFile; fileRef = FA9B164215AA7E180017DCD5 /* appios_appdelegate.mm */; };
		FA9B164715AA7E180017DCD5 /* appios_main.mm in Sources */ = {isa = PBXBuildFile; fileRef = FA9B164315AA7E180017DCD5 /* appios_main.mm */; };
		FA9B165F15AA87F10017DCD5 /* InfoPlist.strings in Resources */ = {isa = PBXBuildFile; fileRef = FA9B165C15AA87F10017DCD5 /* InfoPlist.strings */; };
		FA9B166015AA87F10017DCD5 /* ViewController_iPad.xib in Resources */ = {isa = PBXBuildFile; fileRef = FA9B165D15AA87F10017DCD5 /* ViewController_iPad.xib */; };
		FA9B166115AA87F10017DCD5 /* ViewController_iPhone.xib in Resources */ = {isa = PBXBuildFile; fileRef = FA9B165E15AA87F10017DCD5 /* ViewController_iPhone.xib */; };
		FAA6CD8D15D83C2300F480F0 /* QuartzCore.framework in Frameworks */ = {isa = PBXBuildFile; fileRef = FAA6CD8C15D83C2300F480F0 /* QuartzCore.framework */; };
		FAA8DB76185AB6FB00B6B263 /* util_convert.cpp in Sources */ = {isa = PBXBuildFile; fileRef = FAA8DB75185AB6FB00B6B263 /* util_convert.cpp */; };
		FAA8DB77185AB6FB00B6B263 /* util_convert.cpp in Sources */ = {isa = PBXBuildFile; fileRef = FAA8DB75185AB6FB00B6B263 /* util_convert.cpp */; };
		FABDD7C917E4A2D00092F79B /* util_bundlefilesystem.cpp in Sources */ = {isa = PBXBuildFile; fileRef = FABDD7C817E4A2D00092F79B /* util_bundlefilesystem.cpp */; };
		FABDD7CA17E4A2D00092F79B /* util_bundlefilesystem.cpp in Sources */ = {isa = PBXBuildFile; fileRef = FABDD7C817E4A2D00092F79B /* util_bundlefilesystem.cpp */; };
		FAC788721A19352A0037CA1C /* uimac_displaytimer.mm in Sources */ = {isa = PBXBuildFile; fileRef = FAC788701A19352A0037CA1C /* uimac_displaytimer.mm */; };
		FACBACA116FF5B7A008B2004 /* game_client.cpp in Sources */ = {isa = PBXBuildFile; fileRef = FACBACA016FF5B7A008B2004 /* game_client.cpp */; };
		FACBACA216FF5B7A008B2004 /* game_client.cpp in Sources */ = {isa = PBXBuildFile; fileRef = FACBACA016FF5B7A008B2004 /* game_client.cpp */; };
		FAE081A31E10A51000C28730 /* libaft-ios.a in Frameworks */ = {isa = PBXBuildFile; fileRef = 63CA9A401E037175002240BE /* libaft-ios.a */; };
		FAE081A41E10A51600C28730 /* libact-ios.a in Frameworks */ = {isa = PBXBuildFile; fileRef = 63098A4F1E04D5E100CF638D /* libact-ios.a */; };
		FAE081A51E10A51B00C28730 /* libagt-ios.a in Frameworks */ = {isa = PBXBuildFile; fileRef = 63CA9A461E037175002240BE /* libagt-ios.a */; };
		FAED4A711A0E70B400B1B685 /* libpng.dylib in Frameworks */ = {isa = PBXBuildFile; fileRef = FAED4A701A0E70B400B1B685 /* libpng.dylib */; };
		FAED4A751A0F2A2B00B1B685 /* libz.dylib in Frameworks */ = {isa = PBXBuildFile; fileRef = FAED4A741A0F2A2B00B1B685 /* libz.dylib */; };
		FAED4A771A0F2A4D00B1B685 /* libz.dylib in Frameworks */ = {isa = PBXBuildFile; fileRef = FAED4A761A0F2A4D00B1B685 /* libz.dylib */; };
		FAF9E4C515C9CCFC00601463 /* Cocoa.framework in Frameworks */ = {isa = PBXBuildFile; fileRef = FA04E1B015C4AFC100F7D2F1 /* Cocoa.framework */; };
		FAF9E4DC15CB267F00601463 /* OpenGL.framework in Frameworks */ = {isa = PBXBuildFile; fileRef = FAF9E4BD15C9CC3F00601463 /* OpenGL.framework */; };
		FAF9E4DD15CB27AC00601463 /* appmac_appdelegate.mm in Sources */ = {isa = PBXBuildFile; fileRef = FA4CC9A215C4C08A0014BA87 /* appmac_appdelegate.mm */; };
		FAF9E4DE15CB27B000601463 /* appmac_main.mm in Sources */ = {isa = PBXBuildFile; fileRef = FA4CC9A315C4C08A0014BA87 /* appmac_main.mm */; };
		FAF9E4DF15CB27DD00601463 /* MainWindow.xib in Resources */ = {isa = PBXBuildFile; fileRef = FA04E1D315C4B4D700F7D2F1 /* MainWindow.xib */; };
		FAF9E4E015CB27E000601463 /* InfoPlist.strings in Resources */ = {isa = PBXBuildFile; fileRef = FA04E1D115C4B4D700F7D2F1 /* InfoPlist.strings */; };
		FAF9E4E115CB27E200601463 /* Credits.rtf in Resources */ = {isa = PBXBuildFile; fileRef = FA04E1CF15C4B4D700F7D2F1 /* Credits.rtf */; };
		FAFB3A6217C120AC002510F9 /* images in Resources */ = {isa = PBXBuildFile; fileRef = FAFB3A6117C120AC002510F9 /* images */; };
		FAFB3A6317C120AC002510F9 /* images in Resources */ = {isa = PBXBuildFile; fileRef = FAFB3A6117C120AC002510F9 /* images */; };
/* End PBXBuildFile section */

/* Begin PBXContainerItemProxy section */
		630989B31E04CE2E00CF638D /* PBXContainerItemProxy */ = {
			isa = PBXContainerItemProxy;
			containerPortal = 63CA9A311E037174002240BE /* aegis.xcodeproj */;
			proxyType = 1;
			remoteGlobalIDString = FA875BC915E099D800C5E50B;
			remoteInfo = "aft-ios";
		};
		630989B51E04CE3400CF638D /* PBXContainerItemProxy */ = {
			isa = PBXContainerItemProxy;
			containerPortal = 63CA9A311E037174002240BE /* aegis.xcodeproj */;
			proxyType = 1;
			remoteGlobalIDString = FA231825178DD1CD0050DE3A;
			remoteInfo = "agt-ios";
		};
		63098A4B1E04D5E100CF638D /* PBXContainerItemProxy */ = {
			isa = PBXContainerItemProxy;
			containerPortal = 63CA9A311E037174002240BE /* aegis.xcodeproj */;
			proxyType = 1;
			remoteGlobalIDString = 630989B71E04CE5200CF638D;
			remoteInfo = "act-ios";
		};
		63098A4E1E04D5E100CF638D /* PBXContainerItemProxy */ = {
			isa = PBXContainerItemProxy;
			containerPortal = 63CA9A311E037174002240BE /* aegis.xcodeproj */;
			proxyType = 2;
			remoteGlobalIDString = 63098A391E04CE5200CF638D;
			remoteInfo = "act-ios";
		};
		63CA9A3D1E037175002240BE /* PBXContainerItemProxy */ = {
			isa = PBXContainerItemProxy;
			containerPortal = 63CA9A311E037174002240BE /* aegis.xcodeproj */;
			proxyType = 2;
			remoteGlobalIDString = FA833E2215A752430044283D;
			remoteInfo = "aft-macosx";
		};
		63CA9A3F1E037175002240BE /* PBXContainerItemProxy */ = {
			isa = PBXContainerItemProxy;
			containerPortal = 63CA9A311E037174002240BE /* aegis.xcodeproj */;
			proxyType = 2;
			remoteGlobalIDString = FA875BCA15E099D800C5E50B;
			remoteInfo = "aft-ios";
		};
		63CA9A411E037175002240BE /* PBXContainerItemProxy */ = {
			isa = PBXContainerItemProxy;
			containerPortal = 63CA9A311E037174002240BE /* aegis.xcodeproj */;
			proxyType = 2;
			remoteGlobalIDString = FA3B86A717A9333C0042C241;
			remoteInfo = "act-macosx";
		};
		63CA9A431E037175002240BE /* PBXContainerItemProxy */ = {
			isa = PBXContainerItemProxy;
			containerPortal = 63CA9A311E037174002240BE /* aegis.xcodeproj */;
			proxyType = 2;
			remoteGlobalIDString = FAA6CDB215DDB28400F480F0;
			remoteInfo = "agt-macosx";
		};
		63CA9A451E037175002240BE /* PBXContainerItemProxy */ = {
			isa = PBXContainerItemProxy;
			containerPortal = 63CA9A311E037174002240BE /* aegis.xcodeproj */;
			proxyType = 2;
			remoteGlobalIDString = FA2318A9178DD1CD0050DE3A;
			remoteInfo = "agt-ios";
		};
		63CA9A471E037175002240BE /* PBXContainerItemProxy */ = {
			isa = PBXContainerItemProxy;
			containerPortal = 63CA9A311E037174002240BE /* aegis.xcodeproj */;
			proxyType = 2;
			remoteGlobalIDString = FA833E9715A755A50044283D;
			remoteInfo = "aunit-macosx";
		};
		63CA9A491E037175002240BE /* PBXContainerItemProxy */ = {
			isa = PBXContainerItemProxy;
			containerPortal = 63CA9A311E037174002240BE /* aegis.xcodeproj */;
			proxyType = 2;
			remoteGlobalIDString = FA833EBC15A75C350044283D;
			remoteInfo = "test_aft-macosx";
		};
		63CA9A4B1E037175002240BE /* PBXContainerItemProxy */ = {
			isa = PBXContainerItemProxy;
			containerPortal = 63CA9A311E037174002240BE /* aegis.xcodeproj */;
			proxyType = 2;
			remoteGlobalIDString = FA9795981D9FFFF800094B1B;
			remoteInfo = "test_act-macosx";
		};
		63CA9A4D1E037175002240BE /* PBXContainerItemProxy */ = {
			isa = PBXContainerItemProxy;
			containerPortal = 63CA9A311E037174002240BE /* aegis.xcodeproj */;
			proxyType = 2;
			remoteGlobalIDString = FA875BA015DF1B6C00C5E50B;
			remoteInfo = "test_agt-macosx";
		};
		63CA9A4F1E037198002240BE /* PBXContainerItemProxy */ = {
			isa = PBXContainerItemProxy;
			containerPortal = 63CA9A311E037174002240BE /* aegis.xcodeproj */;
			proxyType = 1;
			remoteGlobalIDString = FA833E2115A752430044283D;
			remoteInfo = "aft-macosx";
		};
		63CA9A511E03719F002240BE /* PBXContainerItemProxy */ = {
			isa = PBXContainerItemProxy;
			containerPortal = 63CA9A311E037174002240BE /* aegis.xcodeproj */;
			proxyType = 1;
			remoteGlobalIDString = FA3B862317A9333C0042C241;
			remoteInfo = "act-macosx";
		};
		63CA9A531E0371A6002240BE /* PBXContainerItemProxy */ = {
			isa = PBXContainerItemProxy;
			containerPortal = 63CA9A311E037174002240BE /* aegis.xcodeproj */;
			proxyType = 1;
			remoteGlobalIDString = FAA6CDB115DDB28400F480F0;
			remoteInfo = "agt-macosx";
		};
/* End PBXContainerItemProxy section */

/* Begin PBXFileReference section */
		630989AB1E04CDFF00CF638D /* Default-568h@2x.png */ = {isa = PBXFileReference; lastKnownFileType = image.png; path = "Default-568h@2x.png"; sourceTree = "<group>"; };
		63098A531E04E11200CF638D /* uiios_displaytimer.mm */ = {isa = PBXFileReference; fileEncoding = 4; lastKnownFileType = sourcecode.cpp.objcpp; name = uiios_displaytimer.mm; path = ../../../src/ui/uiios/uiios_displaytimer.mm; sourceTree = "<group>"; };
		63098A541E04E11200CF638D /* uiios_displaytimer.h */ = {isa = PBXFileReference; fileEncoding = 4; lastKnownFileType = sourcecode.c.h; name = uiios_displaytimer.h; path = ../../../src/ui/uiios/uiios_displaytimer.h; sourceTree = "<group>"; };
		63098A571E0F311600CF638D /* shaders */ = {isa = PBXFileReference; lastKnownFileType = folder; name = shaders; path = ../../../resources/mac/shaders; sourceTree = "<group>"; };
		63098A591E0F313D00CF638D /* shaders */ = {isa = PBXFileReference; lastKnownFileType = folder; name = shaders; path = ../../../resources/ios/shaders; sourceTree = "<group>"; };
		63A8E1B61DB46C7300BFFB2D /* libGLEW.1.13.0.dylib */ = {isa = PBXFileReference; lastKnownFileType = "compiled.mach-o.dylib"; name = libGLEW.1.13.0.dylib; path = ../../../../../../../../usr/local/Cellar/glew/1.13.0/lib/libGLEW.1.13.0.dylib; sourceTree = "<group>"; };
		63CA9A311E037174002240BE /* aegis.xcodeproj */ = {isa = PBXFileReference; lastKnownFileType = "wrapper.pb-project"; name = aegis.xcodeproj; path = ../../../aegis/proj/xcode/aegis/aegis.xcodeproj; sourceTree = "<group>"; };
		FA04E1B015C4AFC100F7D2F1 /* Cocoa.framework */ = {isa = PBXFileReference; lastKnownFileType = wrapper.framework; name = Cocoa.framework; path = System/Library/Frameworks/Cocoa.framework; sourceTree = SDKROOT; };
		FA04E1D015C4B4D700F7D2F1 /* en */ = {isa = PBXFileReference; lastKnownFileType = text.rtf; name = en; path = ../../../resources/mac/en.lproj/Credits.rtf; sourceTree = "<group>"; };
		FA04E1D215C4B4D700F7D2F1 /* en */ = {isa = PBXFileReference; lastKnownFileType = text.plist.strings; name = en; path = ../../../resources/mac/en.lproj/InfoPlist.strings; sourceTree = "<group>"; };
		FA04E1D415C4B4D700F7D2F1 /* en */ = {isa = PBXFileReference; lastKnownFileType = file.xib; name = en; path = ../../../resources/mac/en.lproj/MainWindow.xib; sourceTree = "<group>"; };
		FA14A0A319DF6F9A0058A4CA /* libpng16.a */ = {isa = PBXFileReference; lastKnownFileType = archive.ar; name = libpng16.a; path = ../../../../../../../../../opt/local/lib/libpng16.a; sourceTree = "<group>"; };
		FA223AF717618817000FE3E9 /* UIKit.framework */ = {isa = PBXFileReference; lastKnownFileType = wrapper.framework; name = UIKit.framework; path = Platforms/iPhoneOS.platform/Developer/SDKs/iPhoneOS5.1.sdk/System/Library/Frameworks/UIKit.framework; sourceTree = DEVELOPER_DIR; };
		FA223AF917618825000FE3E9 /* Foundation.framework */ = {isa = PBXFileReference; lastKnownFileType = wrapper.framework; name = Foundation.framework; path = Platforms/iPhoneOS.platform/Developer/SDKs/iPhoneOS5.1.sdk/System/Library/Frameworks/Foundation.framework; sourceTree = DEVELOPER_DIR; };
		FA223AFB17618832000FE3E9 /* CoreGraphics.framework */ = {isa = PBXFileReference; lastKnownFileType = wrapper.framework; name = CoreGraphics.framework; path = Platforms/iPhoneOS.platform/Developer/SDKs/iPhoneOS5.1.sdk/System/Library/Frameworks/CoreGraphics.framework; sourceTree = DEVELOPER_DIR; };
		FA223AFD17618839000FE3E9 /* GLKit.framework */ = {isa = PBXFileReference; lastKnownFileType = wrapper.framework; name = GLKit.framework; path = Platforms/iPhoneOS.platform/Developer/SDKs/iPhoneOS5.1.sdk/System/Library/Frameworks/GLKit.framework; sourceTree = DEVELOPER_DIR; };
		FA223AFF17618842000FE3E9 /* OpenGLES.framework */ = {isa = PBXFileReference; lastKnownFileType = wrapper.framework; name = OpenGLES.framework; path = Platforms/iPhoneOS.platform/Developer/SDKs/iPhoneOS5.1.sdk/System/Library/Frameworks/OpenGLES.framework; sourceTree = DEVELOPER_DIR; };
		FA223B081766B78A000FE3E9 /* uimac_openglwindow.h */ = {isa = PBXFileReference; fileEncoding = 4; lastKnownFileType = sourcecode.c.h; name = uimac_openglwindow.h; path = ../../../src/ui/uimac/uimac_openglwindow.h; sourceTree = "<group>"; };
		FA223B091766B78A000FE3E9 /* uimac_openglwindow.mm */ = {isa = PBXFileReference; fileEncoding = 4; lastKnownFileType = sourcecode.cpp.objcpp; name = uimac_openglwindow.mm; path = ../../../src/ui/uimac/uimac_openglwindow.mm; sourceTree = "<group>"; };
		FA223B0A1766B78A000FE3E9 /* uimac_renderingcontext.h */ = {isa = PBXFileReference; fileEncoding = 4; lastKnownFileType = sourcecode.c.h; name = uimac_renderingcontext.h; path = ../../../src/ui/uimac/uimac_renderingcontext.h; sourceTree = "<group>"; };
		FA223B0B1766B78A000FE3E9 /* uimac_renderingcontext.mm */ = {isa = PBXFileReference; fileEncoding = 4; lastKnownFileType = sourcecode.cpp.objcpp; name = uimac_renderingcontext.mm; path = ../../../src/ui/uimac/uimac_renderingcontext.mm; sourceTree = "<group>"; };
		FA2318DA178DF2700050DE3A /* uiios_openglwindow.h */ = {isa = PBXFileReference; fileEncoding = 4; lastKnownFileType = sourcecode.c.h; name = uiios_openglwindow.h; path = ../../../src/ui/uiios/uiios_openglwindow.h; sourceTree = "<group>"; };
		FA2318E7178E3BAB0050DE3A /* uiios_openglwindow.mm */ = {isa = PBXFileReference; fileEncoding = 4; lastKnownFileType = sourcecode.cpp.objcpp; name = uiios_openglwindow.mm; path = ../../../src/ui/uiios/uiios_openglwindow.mm; sourceTree = "<group>"; };
		FA2318E9178E41910050DE3A /* uiios_renderingcontext.h */ = {isa = PBXFileReference; fileEncoding = 4; lastKnownFileType = sourcecode.c.h; name = uiios_renderingcontext.h; path = ../../../src/ui/uiios/uiios_renderingcontext.h; sourceTree = "<group>"; };
		FA2318EA178E47A80050DE3A /* uiios_renderingcontext.mm */ = {isa = PBXFileReference; fileEncoding = 4; lastKnownFileType = sourcecode.cpp.objcpp; name = uiios_renderingcontext.mm; path = ../../../src/ui/uiios/uiios_renderingcontext.mm; sourceTree = "<group>"; };
		FA2318EE179328140050DE3A /* QuartzCore.framework */ = {isa = PBXFileReference; lastKnownFileType = wrapper.framework; name = QuartzCore.framework; path = Platforms/iPhoneOS.platform/Developer/SDKs/iPhoneOS5.1.sdk/System/Library/Frameworks/QuartzCore.framework; sourceTree = DEVELOPER_DIR; };
		FA4CC9A115C4C08A0014BA87 /* appmac_appdelegate.h */ = {isa = PBXFileReference; fileEncoding = 4; lastKnownFileType = sourcecode.c.h; name = appmac_appdelegate.h; path = ../../../src/app/appmac/appmac_appdelegate.h; sourceTree = "<group>"; };
		FA4CC9A215C4C08A0014BA87 /* appmac_appdelegate.mm */ = {isa = PBXFileReference; fileEncoding = 4; lastKnownFileType = sourcecode.cpp.objcpp; name = appmac_appdelegate.mm; path = ../../../src/app/appmac/appmac_appdelegate.mm; sourceTree = "<group>"; };
		FA4CC9A315C4C08A0014BA87 /* appmac_main.mm */ = {isa = PBXFileReference; fileEncoding = 4; lastKnownFileType = sourcecode.cpp.objcpp; name = appmac_main.mm; path = ../../../src/app/appmac/appmac_main.mm; sourceTree = "<group>"; };
		FA4CC9A415C4C08A0014BA87 /* appmac_prefix.pch */ = {isa = PBXFileReference; fileEncoding = 4; lastKnownFileType = sourcecode.c.h; name = appmac_prefix.pch; path = ../../../src/app/appmac/appmac_prefix.pch; sourceTree = "<group>"; };
		FA57D99D1DBBAE3400264358 /* libGLEW.a */ = {isa = PBXFileReference; lastKnownFileType = archive.ar; name = libGLEW.a; path = ../../../../../../../../../usr/local/lib/libGLEW.a; sourceTree = "<group>"; };
		FA9B161615AA79B40017DCD5 /* bugger-ios.app */ = {isa = PBXFileReference; explicitFileType = wrapper.application; includeInIndex = 0; path = "bugger-ios.app"; sourceTree = BUILT_PRODUCTS_DIR; };
		FA9B164115AA7E180017DCD5 /* appios_appdelegate.h */ = {isa = PBXFileReference; fileEncoding = 4; lastKnownFileType = sourcecode.c.h; name = appios_appdelegate.h; path = ../../../src/app/appios/appios_appdelegate.h; sourceTree = "<group>"; };
		FA9B164215AA7E180017DCD5 /* appios_appdelegate.mm */ = {isa = PBXFileReference; fileEncoding = 4; lastKnownFileType = sourcecode.cpp.objcpp; name = appios_appdelegate.mm; path = ../../../src/app/appios/appios_appdelegate.mm; sourceTree = "<group>"; };
		FA9B164315AA7E180017DCD5 /* appios_main.mm */ = {isa = PBXFileReference; fileEncoding = 4; lastKnownFileType = sourcecode.cpp.objcpp; name = appios_main.mm; path = ../../../src/app/appios/appios_main.mm; sourceTree = "<group>"; };
		FA9B164B15AA80C10017DCD5 /* test_shader.fsh */ = {isa = PBXFileReference; fileEncoding = 4; lastKnownFileType = sourcecode.glsl; name = test_shader.fsh; path = ../../../shaders/test/test_shader.fsh; sourceTree = "<group>"; };
		FA9B164C15AA80C10017DCD5 /* test_shader.vsh */ = {isa = PBXFileReference; fileEncoding = 4; lastKnownFileType = sourcecode.glsl; name = test_shader.vsh; path = ../../../shaders/test/test_shader.vsh; sourceTree = "<group>"; };
		FA9B165B15AA87E40017DCD5 /* appios_prefix.pch */ = {isa = PBXFileReference; fileEncoding = 4; lastKnownFileType = sourcecode.c.h; name = appios_prefix.pch; path = ../../../src/app/appios/appios_prefix.pch; sourceTree = "<group>"; };
		FA9B165C15AA87F10017DCD5 /* InfoPlist.strings */ = {isa = PBXFileReference; fileEncoding = 4; lastKnownFileType = text.plist.strings; name = InfoPlist.strings; path = ../../../resources/ios/lang.en/InfoPlist.strings; sourceTree = "<group>"; };
		FA9B165D15AA87F10017DCD5 /* ViewController_iPad.xib */ = {isa = PBXFileReference; fileEncoding = 4; lastKnownFileType = file.xib; name = ViewController_iPad.xib; path = ../../../resources/ios/lang.en/ViewController_iPad.xib; sourceTree = "<group>"; };
		FA9B165E15AA87F10017DCD5 /* ViewController_iPhone.xib */ = {isa = PBXFileReference; fileEncoding = 4; lastKnownFileType = file.xib; name = ViewController_iPhone.xib; path = ../../../resources/ios/lang.en/ViewController_iPhone.xib; sourceTree = "<group>"; };
		FA9EA5A51AD9FBA600B9F4B9 /* libGLEW.1.12.0.dylib */ = {isa = PBXFileReference; lastKnownFileType = "compiled.mach-o.dylib"; name = libGLEW.1.12.0.dylib; path = ../../../../../../../../../usr/local/lib/libGLEW.1.12.0.dylib; sourceTree = "<group>"; };
		FAA6CD8C15D83C2300F480F0 /* QuartzCore.framework */ = {isa = PBXFileReference; lastKnownFileType = wrapper.framework; name = QuartzCore.framework; path = Platforms/MacOSX.platform/Developer/SDKs/MacOSX10.7.sdk/System/Library/Frameworks/QuartzCore.framework; sourceTree = DEVELOPER_DIR; };
		FAA8DB74185AAD2100B6B263 /* util_convert.h */ = {isa = PBXFileReference; fileEncoding = 4; lastKnownFileType = sourcecode.c.h; name = util_convert.h; path = ../../../src/util/util_convert.h; sourceTree = "<group>"; };
		FAA8DB75185AB6FB00B6B263 /* util_convert.cpp */ = {isa = PBXFileReference; fileEncoding = 4; lastKnownFileType = sourcecode.cpp.cpp; name = util_convert.cpp; path = ../../../src/util/util_convert.cpp; sourceTree = "<group>"; };
		FABDD7C817E4A2D00092F79B /* util_bundlefilesystem.cpp */ = {isa = PBXFileReference; fileEncoding = 4; lastKnownFileType = sourcecode.cpp.cpp; name = util_bundlefilesystem.cpp; path = ../../../src/util/util_bundlefilesystem.cpp; sourceTree = "<group>"; };
		FAC788681A16AB4E0037CA1C /* bugger-ios-Info.plist */ = {isa = PBXFileReference; fileEncoding = 4; lastKnownFileType = text.plist.xml; name = "bugger-ios-Info.plist"; path = "bugger-ios/bugger-ios-Info.plist"; sourceTree = "<group>"; };
		FAC7886E1A16AB830037CA1C /* bugger-macosx-Info.plist */ = {isa = PBXFileReference; fileEncoding = 4; lastKnownFileType = text.plist.xml; name = "bugger-macosx-Info.plist"; path = "bugger-macosx/bugger-macosx-Info.plist"; sourceTree = "<group>"; };
		FAC788701A19352A0037CA1C /* uimac_displaytimer.mm */ = {isa = PBXFileReference; fileEncoding = 4; lastKnownFileType = sourcecode.cpp.objcpp; name = uimac_displaytimer.mm; path = ../../../src/ui/uimac/uimac_displaytimer.mm; sourceTree = "<group>"; };
		FAC788711A19352A0037CA1C /* uimac_displaytimer.h */ = {isa = PBXFileReference; fileEncoding = 4; lastKnownFileType = sourcecode.c.h; name = uimac_displaytimer.h; path = ../../../src/ui/uimac/uimac_displaytimer.h; sourceTree = "<group>"; };
		FACBAC9F16FF58E1008B2004 /* game_client.h */ = {isa = PBXFileReference; fileEncoding = 4; lastKnownFileType = sourcecode.c.h; name = game_client.h; path = ../../../src/game/game_client.h; sourceTree = "<group>"; };
		FACBACA016FF5B7A008B2004 /* game_client.cpp */ = {isa = PBXFileReference; fileEncoding = 4; lastKnownFileType = sourcecode.cpp.cpp; name = game_client.cpp; path = ../../../src/game/game_client.cpp; sourceTree = "<group>"; };
		FAED4A701A0E70B400B1B685 /* libpng.dylib */ = {isa = PBXFileReference; lastKnownFileType = "compiled.mach-o.dylib"; name = libpng.dylib; path = "../../../../../../sdks/libpng/output-macosx/libpng.dylib"; sourceTree = "<group>"; };
		FAED4A721A0E70CB00B1B685 /* libpng.a */ = {isa = PBXFileReference; lastKnownFileType = archive.ar; name = libpng.a; path = "../../../../../../sdks/libpng/output-ios/libpng.a"; sourceTree = "<group>"; };
		FAED4A741A0F2A2B00B1B685 /* libz.dylib */ = {isa = PBXFileReference; lastKnownFileType = "compiled.mach-o.dylib"; name = libz.dylib; path = Platforms/iPhoneOS.platform/Developer/SDKs/iPhoneOS8.1.sdk/usr/lib/libz.dylib; sourceTree = DEVELOPER_DIR; };
		FAED4A761A0F2A4D00B1B685 /* libz.dylib */ = {isa = PBXFileReference; lastKnownFileType = "compiled.mach-o.dylib"; name = libz.dylib; path = usr/lib/libz.dylib; sourceTree = SDKROOT; };
		FAF9E4BD15C9CC3F00601463 /* OpenGL.framework */ = {isa = PBXFileReference; lastKnownFileType = wrapper.framework; name = OpenGL.framework; path = Platforms/MacOSX.platform/Developer/SDKs/MacOSX10.7.sdk/System/Library/Frameworks/OpenGL.framework; sourceTree = DEVELOPER_DIR; };
		FAF9E4C315C9CCFC00601463 /* bugger-macosx.app */ = {isa = PBXFileReference; explicitFileType = wrapper.application; includeInIndex = 0; path = "bugger-macosx.app"; sourceTree = BUILT_PRODUCTS_DIR; };
		FAFB3A6117C120AC002510F9 /* images */ = {isa = PBXFileReference; lastKnownFileType = folder; name = images; path = ../../../resources/images; sourceTree = "<group>"; };
		FAFB3A6517C1334E002510F9 /* util_bundlefilesystem.h */ = {isa = PBXFileReference; fileEncoding = 4; lastKnownFileType = sourcecode.c.h; name = util_bundlefilesystem.h; path = ../../../src/util/util_bundlefilesystem.h; sourceTree = "<group>"; };
		FAFD77BC1895887200734186 /* boost.framework */ = {isa = PBXFileReference; lastKnownFileType = wrapper.framework; name = boost.framework; path = ../../../../../../sdks/boost_1_55_0/osx/framework/boost.framework; sourceTree = "<group>"; };
		FAFD77BE1895B62D00734186 /* boost.framework */ = {isa = PBXFileReference; lastKnownFileType = wrapper.framework; name = boost.framework; path = ../../../../../../sdks/boost_1_55_0/ios/framework/boost.framework; sourceTree = "<group>"; };
/* End PBXFileReference section */

/* Begin PBXFrameworksBuildPhase section */
		FA9B161315AA79B40017DCD5 /* Frameworks */ = {
			isa = PBXFrameworksBuildPhase;
			buildActionMask = 2147483647;
			files = (
				FAE081A31E10A51000C28730 /* libaft-ios.a in Frameworks */,
				FAE081A41E10A51600C28730 /* libact-ios.a in Frameworks */,
				FAE081A51E10A51B00C28730 /* libagt-ios.a in Frameworks */,
				FAED4A751A0F2A2B00B1B685 /* libz.dylib in Frameworks */,
				FA2318EF179328140050DE3A /* QuartzCore.framework in Frameworks */,
				FA223B0017618842000FE3E9 /* OpenGLES.framework in Frameworks */,
				FA223AFE17618839000FE3E9 /* GLKit.framework in Frameworks */,
				FA223AFC17618832000FE3E9 /* CoreGraphics.framework in Frameworks */,
				FA223AFA17618825000FE3E9 /* Foundation.framework in Frameworks */,
				FA223AF817618818000FE3E9 /* UIKit.framework in Frameworks */,
			);
			runOnlyForDeploymentPostprocessing = 0;
		};
		FAF9E4C015C9CCFC00601463 /* Frameworks */ = {
			isa = PBXFrameworksBuildPhase;
			buildActionMask = 2147483647;
			files = (
				63CA9A571E037200002240BE /* libagt-macosx.a in Frameworks */,
				63CA9A561E0371FB002240BE /* libact-macosx.a in Frameworks */,
				63CA9A551E0371F5002240BE /* libaft-macosx.a in Frameworks */,
				FA57D99E1DBBAE3400264358 /* libGLEW.a in Frameworks */,
				FAED4A771A0F2A4D00B1B685 /* libz.dylib in Frameworks */,
				FAED4A711A0E70B400B1B685 /* libpng.dylib in Frameworks */,
				FAA6CD8D15D83C2300F480F0 /* QuartzCore.framework in Frameworks */,
				FAF9E4DC15CB267F00601463 /* OpenGL.framework in Frameworks */,
				FAF9E4C515C9CCFC00601463 /* Cocoa.framework in Frameworks */,
			);
			runOnlyForDeploymentPostprocessing = 0;
		};
/* End PBXFrameworksBuildPhase section */

/* Begin PBXGroup section */
		63CA9A321E037174002240BE /* Products */ = {
			isa = PBXGroup;
			children = (
				63CA9A3E1E037175002240BE /* libaft-macosx.a */,
				63CA9A401E037175002240BE /* libaft-ios.a */,
				63CA9A421E037175002240BE /* libact-macosx.a */,
				63098A4F1E04D5E100CF638D /* libact-ios.a */,
				63CA9A441E037175002240BE /* libagt-macosx.a */,
				63CA9A461E037175002240BE /* libagt-ios.a */,
				63CA9A481E037175002240BE /* libaunit-macosx.a */,
				63CA9A4A1E037175002240BE /* test_aft-macosx */,
				63CA9A4C1E037175002240BE /* test_act-macosx */,
				63CA9A4E1E037175002240BE /* test_agt-macosx */,
			);
			name = Products;
			sourceTree = "<group>";
		};
		FA04E1CC15C4AFD000F7D2F1 /* appmac */ = {
			isa = PBXGroup;
			children = (
				FA4CC9A115C4C08A0014BA87 /* appmac_appdelegate.h */,
				FA4CC9A215C4C08A0014BA87 /* appmac_appdelegate.mm */,
				FA4CC9A315C4C08A0014BA87 /* appmac_main.mm */,
				FA4CC9A415C4C08A0014BA87 /* appmac_prefix.pch */,
			);
			name = appmac;
			sourceTree = "<group>";
		};
		FA04E1CD15C4B40200F7D2F1 /* osx */ = {
			isa = PBXGroup;
			children = (
				63098A571E0F311600CF638D /* shaders */,
				FAC7886E1A16AB830037CA1C /* bugger-macosx-Info.plist */,
				FA04E1CE15C4B40A00F7D2F1 /* lang.en */,
			);
			name = osx;
			sourceTree = "<group>";
		};
		FA04E1CE15C4B40A00F7D2F1 /* lang.en */ = {
			isa = PBXGroup;
			children = (
				FA04E1CF15C4B4D700F7D2F1 /* Credits.rtf */,
				FA04E1D115C4B4D700F7D2F1 /* InfoPlist.strings */,
				FA04E1D315C4B4D700F7D2F1 /* MainWindow.xib */,
			);
			name = lang.en;
			sourceTree = "<group>";
		};
		FA223B04176365C5000FE3E9 /* ui */ = {
			isa = PBXGroup;
			children = (
				FA2318D9178DF2320050DE3A /* uiios */,
				FA223B05176365CA000FE3E9 /* uimac */,
			);
			name = ui;
			sourceTree = "<group>";
		};
		FA223B05176365CA000FE3E9 /* uimac */ = {
			isa = PBXGroup;
			children = (
				FAC788711A19352A0037CA1C /* uimac_displaytimer.h */,
				FAC788701A19352A0037CA1C /* uimac_displaytimer.mm */,
				FA223B081766B78A000FE3E9 /* uimac_openglwindow.h */,
				FA223B091766B78A000FE3E9 /* uimac_openglwindow.mm */,
				FA223B0A1766B78A000FE3E9 /* uimac_renderingcontext.h */,
				FA223B0B1766B78A000FE3E9 /* uimac_renderingcontext.mm */,
			);
			name = uimac;
			sourceTree = "<group>";
		};
		FA2318D9178DF2320050DE3A /* uiios */ = {
			isa = PBXGroup;
			children = (
				63098A541E04E11200CF638D /* uiios_displaytimer.h */,
				63098A531E04E11200CF638D /* uiios_displaytimer.mm */,
				FA2318DA178DF2700050DE3A /* uiios_openglwindow.h */,
				FA2318E7178E3BAB0050DE3A /* uiios_openglwindow.mm */,
				FA2318E9178E41910050DE3A /* uiios_renderingcontext.h */,
				FA2318EA178E47A80050DE3A /* uiios_renderingcontext.mm */,
			);
			name = uiios;
			sourceTree = "<group>";
		};
		FA9B160615AA78B20017DCD5 = {
			isa = PBXGroup;
			children = (
				630989AB1E04CDFF00CF638D /* Default-568h@2x.png */,
				63CA9A311E037174002240BE /* aegis.xcodeproj */,
				FA9B164F15AA82E10017DCD5 /* resources */,
				FA9B164915AA80470017DCD5 /* shaders */,
				FA9B160F15AA78BF0017DCD5 /* src */,
				FA9B161915AA79B40017DCD5 /* frameworks */,
				FA9B161715AA79B40017DCD5 /* products */,
			);
			sourceTree = "<group>";
		};
		FA9B160F15AA78BF0017DCD5 /* src */ = {
			isa = PBXGroup;
			children = (
				FAFB3A6417C1330E002510F9 /* util */,
				FA223B04176365C5000FE3E9 /* ui */,
				FA9B161015AA78C50017DCD5 /* app */,
				FA9B161115AA79210017DCD5 /* game */,
			);
			name = src;
			sourceTree = "<group>";
		};
		FA9B161015AA78C50017DCD5 /* app */ = {
			isa = PBXGroup;
			children = (
				FA04E1CC15C4AFD000F7D2F1 /* appmac */,
				FA9B164015AA7A0A0017DCD5 /* appios */,
			);
			name = app;
			sourceTree = "<group>";
		};
		FA9B161115AA79210017DCD5 /* game */ = {
			isa = PBXGroup;
			children = (
				FACBAC9F16FF58E1008B2004 /* game_client.h */,
				FACBACA016FF5B7A008B2004 /* game_client.cpp */,
			);
			name = game;
			sourceTree = "<group>";
		};
		FA9B161715AA79B40017DCD5 /* products */ = {
			isa = PBXGroup;
			children = (
				FA9B161615AA79B40017DCD5 /* bugger-ios.app */,
				FAF9E4C315C9CCFC00601463 /* bugger-macosx.app */,
			);
			name = products;
			sourceTree = "<group>";
		};
		FA9B161915AA79B40017DCD5 /* frameworks */ = {
			isa = PBXGroup;
			children = (
				FA57D99D1DBBAE3400264358 /* libGLEW.a */,
				63A8E1B61DB46C7300BFFB2D /* libGLEW.1.13.0.dylib */,
				FA9EA5A51AD9FBA600B9F4B9 /* libGLEW.1.12.0.dylib */,
				FAED4A761A0F2A4D00B1B685 /* libz.dylib */,
				FAED4A741A0F2A2B00B1B685 /* libz.dylib */,
				FAED4A721A0E70CB00B1B685 /* libpng.a */,
				FAED4A701A0E70B400B1B685 /* libpng.dylib */,
				FAC45A8B19E99F8500329DAB /* osx */,
				FAC45A8419E99F4B00329DAB /* ios */,
				FA14A0A319DF6F9A0058A4CA /* libpng16.a */,
			);
			name = frameworks;
			sourceTree = "<group>";
		};
		FA9B164015AA7A0A0017DCD5 /* appios */ = {
			isa = PBXGroup;
			children = (
				FA9B165B15AA87E40017DCD5 /* appios_prefix.pch */,
				FA9B164315AA7E180017DCD5 /* appios_main.mm */,
				FA9B164115AA7E180017DCD5 /* appios_appdelegate.h */,
				FA9B164215AA7E180017DCD5 /* appios_appdelegate.mm */,
			);
			name = appios;
			sourceTree = "<group>";
		};
		FA9B164915AA80470017DCD5 /* shaders */ = {
			isa = PBXGroup;
			children = (
				FA9B164A15AA807B0017DCD5 /* test */,
			);
			name = shaders;
			sourceTree = "<group>";
		};
		FA9B164A15AA807B0017DCD5 /* test */ = {
			isa = PBXGroup;
			children = (
				FA9B164B15AA80C10017DCD5 /* test_shader.fsh */,
				FA9B164C15AA80C10017DCD5 /* test_shader.vsh */,
			);
			name = test;
			sourceTree = "<group>";
		};
		FA9B164F15AA82E10017DCD5 /* resources */ = {
			isa = PBXGroup;
			children = (
				FAFB3A6117C120AC002510F9 /* images */,
				FA04E1CD15C4B40200F7D2F1 /* osx */,
				FA9B165015AA83870017DCD5 /* ios */,
			);
			name = resources;
			sourceTree = "<group>";
		};
		FA9B165015AA83870017DCD5 /* ios */ = {
			isa = PBXGroup;
			children = (
				63098A591E0F313D00CF638D /* shaders */,
				FAC788681A16AB4E0037CA1C /* bugger-ios-Info.plist */,
				FA9B165A15AA87780017DCD5 /* lang.en */,
			);
			name = ios;
			sourceTree = "<group>";
		};
		FA9B165A15AA87780017DCD5 /* lang.en */ = {
			isa = PBXGroup;
			children = (
				FA9B165C15AA87F10017DCD5 /* InfoPlist.strings */,
				FA9B165D15AA87F10017DCD5 /* ViewController_iPad.xib */,
				FA9B165E15AA87F10017DCD5 /* ViewController_iPhone.xib */,
			);
			name = lang.en;
			sourceTree = "<group>";
		};
		FAC45A8419E99F4B00329DAB /* ios */ = {
			isa = PBXGroup;
			children = (
				FA2318EE179328140050DE3A /* QuartzCore.framework */,
				FA223AF717618817000FE3E9 /* UIKit.framework */,
				FA223AF917618825000FE3E9 /* Foundation.framework */,
				FA223AFB17618832000FE3E9 /* CoreGraphics.framework */,
				FA223AFD17618839000FE3E9 /* GLKit.framework */,
				FA223AFF17618842000FE3E9 /* OpenGLES.framework */,
				FAFD77BE1895B62D00734186 /* boost.framework */,
			);
			name = ios;
			sourceTree = "<group>";
		};
		FAC45A8B19E99F8500329DAB /* osx */ = {
			isa = PBXGroup;
			children = (
				FA04E1B015C4AFC100F7D2F1 /* Cocoa.framework */,
				FAF9E4BD15C9CC3F00601463 /* OpenGL.framework */,
				FAA6CD8C15D83C2300F480F0 /* QuartzCore.framework */,
				FAFD77BC1895887200734186 /* boost.framework */,
			);
			name = osx;
			sourceTree = "<group>";
		};
		FAFB3A6417C1330E002510F9 /* util */ = {
			isa = PBXGroup;
			children = (
				FAFB3A6517C1334E002510F9 /* util_bundlefilesystem.h */,
				FABDD7C817E4A2D00092F79B /* util_bundlefilesystem.cpp */,
				FAA8DB74185AAD2100B6B263 /* util_convert.h */,
				FAA8DB75185AB6FB00B6B263 /* util_convert.cpp */,
			);
			name = util;
			sourceTree = "<group>";
		};
/* End PBXGroup section */

/* Begin PBXNativeTarget section */
		FA9B161515AA79B40017DCD5 /* bugger-ios */ = {
			isa = PBXNativeTarget;
			buildConfigurationList = FA9B163D15AA79B40017DCD5 /* Build configuration list for PBXNativeTarget "bugger-ios" */;
			buildPhases = (
				FA9B161215AA79B40017DCD5 /* Sources */,
				FA9B161315AA79B40017DCD5 /* Frameworks */,
				FA9B161415AA79B40017DCD5 /* Resources */,
			);
			buildRules = (
			);
			dependencies = (
				630989B41E04CE2E00CF638D /* PBXTargetDependency */,
				63098A4C1E04D5E100CF638D /* PBXTargetDependency */,
				630989B61E04CE3400CF638D /* PBXTargetDependency */,
			);
			name = "bugger-ios";
			productName = "wrangler-ios";
			productReference = FA9B161615AA79B40017DCD5 /* bugger-ios.app */;
			productType = "com.apple.product-type.application";
		};
		FAF9E4C215C9CCFC00601463 /* bugger-macosx */ = {
			isa = PBXNativeTarget;
			buildConfigurationList = FAF9E4D815C9CCFC00601463 /* Build configuration list for PBXNativeTarget "bugger-macosx" */;
			buildPhases = (
				FAF9E4BF15C9CCFC00601463 /* Sources */,
				FAF9E4C015C9CCFC00601463 /* Frameworks */,
				FA69513E188342CD00254593 /* ShellScript */,
				FAF9E4C115C9CCFC00601463 /* Resources */,
			);
			buildRules = (
			);
			dependencies = (
				63CA9A541E0371A6002240BE /* PBXTargetDependency */,
				63CA9A521E03719F002240BE /* PBXTargetDependency */,
				63CA9A501E037198002240BE /* PBXTargetDependency */,
			);
			name = "bugger-macosx";
			productName = "wrangler-macosx";
			productReference = FAF9E4C315C9CCFC00601463 /* bugger-macosx.app */;
			productType = "com.apple.product-type.application";
		};
/* End PBXNativeTarget section */

/* Begin PBXProject section */
		FA9B160815AA78B20017DCD5 /* Project object */ = {
			isa = PBXProject;
			attributes = {
				LastUpgradeCheck = 0800;
				ORGANIZATIONNAME = "Sophic Studios";
			};
			buildConfigurationList = FA9B160B15AA78B20017DCD5 /* Build configuration list for PBXProject "bugger" */;
			compatibilityVersion = "Xcode 8.0";
			developmentRegion = English;
			hasScannedForEncodings = 0;
			knownRegions = (
				en,
			);
			mainGroup = FA9B160615AA78B20017DCD5;
			productRefGroup = FA9B161715AA79B40017DCD5 /* products */;
			projectDirPath = "";
			projectReferences = (
				{
					ProductGroup = 63CA9A321E037174002240BE /* Products */;
					ProjectRef = 63CA9A311E037174002240BE /* aegis.xcodeproj */;
				},
			);
			projectRoot = "";
			targets = (
				FA9B161515AA79B40017DCD5 /* bugger-ios */,
				FAF9E4C215C9CCFC00601463 /* bugger-macosx */,
			);
		};
/* End PBXProject section */

/* Begin PBXReferenceProxy section */
		63098A4F1E04D5E100CF638D /* libact-ios.a */ = {
			isa = PBXReferenceProxy;
			fileType = archive.ar;
			path = "libact-ios.a";
			remoteRef = 63098A4E1E04D5E100CF638D /* PBXContainerItemProxy */;
			sourceTree = BUILT_PRODUCTS_DIR;
		};
		63CA9A3E1E037175002240BE /* libaft-macosx.a */ = {
			isa = PBXReferenceProxy;
			fileType = archive.ar;
			path = "libaft-macosx.a";
			remoteRef = 63CA9A3D1E037175002240BE /* PBXContainerItemProxy */;
			sourceTree = BUILT_PRODUCTS_DIR;
		};
		63CA9A401E037175002240BE /* libaft-ios.a */ = {
			isa = PBXReferenceProxy;
			fileType = archive.ar;
			path = "libaft-ios.a";
			remoteRef = 63CA9A3F1E037175002240BE /* PBXContainerItemProxy */;
			sourceTree = BUILT_PRODUCTS_DIR;
		};
		63CA9A421E037175002240BE /* libact-macosx.a */ = {
			isa = PBXReferenceProxy;
			fileType = archive.ar;
			path = "libact-macosx.a";
			remoteRef = 63CA9A411E037175002240BE /* PBXContainerItemProxy */;
			sourceTree = BUILT_PRODUCTS_DIR;
		};
		63CA9A441E037175002240BE /* libagt-macosx.a */ = {
			isa = PBXReferenceProxy;
			fileType = archive.ar;
			path = "libagt-macosx.a";
			remoteRef = 63CA9A431E037175002240BE /* PBXContainerItemProxy */;
			sourceTree = BUILT_PRODUCTS_DIR;
		};
		63CA9A461E037175002240BE /* libagt-ios.a */ = {
			isa = PBXReferenceProxy;
			fileType = archive.ar;
			path = "libagt-ios.a";
			remoteRef = 63CA9A451E037175002240BE /* PBXContainerItemProxy */;
			sourceTree = BUILT_PRODUCTS_DIR;
		};
		63CA9A481E037175002240BE /* libaunit-macosx.a */ = {
			isa = PBXReferenceProxy;
			fileType = archive.ar;
			path = "libaunit-macosx.a";
			remoteRef = 63CA9A471E037175002240BE /* PBXContainerItemProxy */;
			sourceTree = BUILT_PRODUCTS_DIR;
		};
		63CA9A4A1E037175002240BE /* test_aft-macosx */ = {
			isa = PBXReferenceProxy;
			fileType = "compiled.mach-o.executable";
			path = "test_aft-macosx";
			remoteRef = 63CA9A491E037175002240BE /* PBXContainerItemProxy */;
			sourceTree = BUILT_PRODUCTS_DIR;
		};
		63CA9A4C1E037175002240BE /* test_act-macosx */ = {
			isa = PBXReferenceProxy;
			fileType = "compiled.mach-o.executable";
			path = "test_act-macosx";
			remoteRef = 63CA9A4B1E037175002240BE /* PBXContainerItemProxy */;
			sourceTree = BUILT_PRODUCTS_DIR;
		};
		63CA9A4E1E037175002240BE /* test_agt-macosx */ = {
			isa = PBXReferenceProxy;
			fileType = "compiled.mach-o.executable";
			path = "test_agt-macosx";
			remoteRef = 63CA9A4D1E037175002240BE /* PBXContainerItemProxy */;
			sourceTree = BUILT_PRODUCTS_DIR;
		};
/* End PBXReferenceProxy section */

/* Begin PBXResourcesBuildPhase section */
		FA9B161415AA79B40017DCD5 /* Resources */ = {
			isa = PBXResourcesBuildPhase;
			buildActionMask = 2147483647;
			files = (
				FA9B165F15AA87F10017DCD5 /* InfoPlist.strings in Resources */,
				FA9B166015AA87F10017DCD5 /* ViewController_iPad.xib in Resources */,
				630989AC1E04CDFF00CF638D /* Default-568h@2x.png in Resources */,
				FA9B166115AA87F10017DCD5 /* ViewController_iPhone.xib in Resources */,
				63098A5A1E0F313D00CF638D /* shaders in Resources */,
				FAFB3A6217C120AC002510F9 /* images in Resources */,
			);
			runOnlyForDeploymentPostprocessing = 0;
		};
		FAF9E4C115C9CCFC00601463 /* Resources */ = {
			isa = PBXResourcesBuildPhase;
			buildActionMask = 2147483647;
			files = (
				FAF9E4E115CB27E200601463 /* Credits.rtf in Resources */,
				FAF9E4E015CB27E000601463 /* InfoPlist.strings in Resources */,
				FAF9E4DF15CB27DD00601463 /* MainWindow.xib in Resources */,
				63098A581E0F311600CF638D /* shaders in Resources */,
				FAFB3A6317C120AC002510F9 /* images in Resources */,
			);
			runOnlyForDeploymentPostprocessing = 0;
		};
/* End PBXResourcesBuildPhase section */

/* Begin PBXShellScriptBuildPhase section */
		FA69513E188342CD00254593 /* ShellScript */ = {
			isa = PBXShellScriptBuildPhase;
			buildActionMask = 2147483647;
			files = (
			);
			inputPaths = (
			);
			outputPaths = (
			);
			runOnlyForDeploymentPostprocessing = 0;
			shellPath = /bin/tcsh;
			shellScript = "touch -m ${PROJECT_DIR}/../../../resources/images";
		};
/* End PBXShellScriptBuildPhase section */

/* Begin PBXSourcesBuildPhase section */
		FA9B161215AA79B40017DCD5 /* Sources */ = {
			isa = PBXSourcesBuildPhase;
			buildActionMask = 2147483647;
			files = (
				FA9B164715AA7E180017DCD5 /* appios_main.mm in Sources */,
				FA9B164615AA7E180017DCD5 /* appios_appdelegate.mm in Sources */,
				63098A551E04E11200CF638D /* uiios_displaytimer.mm in Sources */,
				FA2318E8178E3BAC0050DE3A /* uiios_openglwindow.mm in Sources */,
				FA2318EB178E47A80050DE3A /* uiios_renderingcontext.mm in Sources */,
				FABDD7C917E4A2D00092F79B /* util_bundlefilesystem.cpp in Sources */,
				FAA8DB76185AB6FB00B6B263 /* util_convert.cpp in Sources */,
				FACBACA116FF5B7A008B2004 /* game_client.cpp in Sources */,
			);
			runOnlyForDeploymentPostprocessing = 0;
		};
		FAF9E4BF15C9CCFC00601463 /* Sources */ = {
			isa = PBXSourcesBuildPhase;
			buildActionMask = 2147483647;
			files = (
				FAF9E4DE15CB27B000601463 /* appmac_main.mm in Sources */,
				FAF9E4DD15CB27AC00601463 /* appmac_appdelegate.mm in Sources */,
				FAC788721A19352A0037CA1C /* uimac_displaytimer.mm in Sources */,
				FA223B0D1766B78A000FE3E9 /* uimac_openglwindow.mm in Sources */,
				FA223B0E1766B78A000FE3E9 /* uimac_renderingcontext.mm in Sources */,
				FABDD7CA17E4A2D00092F79B /* util_bundlefilesystem.cpp in Sources */,
				FAA8DB77185AB6FB00B6B263 /* util_convert.cpp in Sources */,
				FACBACA216FF5B7A008B2004 /* game_client.cpp in Sources */,
			);
			runOnlyForDeploymentPostprocessing = 0;
		};
/* End PBXSourcesBuildPhase section */

/* Begin PBXTargetDependency section */
		630989B41E04CE2E00CF638D /* PBXTargetDependency */ = {
			isa = PBXTargetDependency;
			name = "aft-ios";
			targetProxy = 630989B31E04CE2E00CF638D /* PBXContainerItemProxy */;
		};
		630989B61E04CE3400CF638D /* PBXTargetDependency */ = {
			isa = PBXTargetDependency;
			name = "agt-ios";
			targetProxy = 630989B51E04CE3400CF638D /* PBXContainerItemProxy */;
		};
		63098A4C1E04D5E100CF638D /* PBXTargetDependency */ = {
			isa = PBXTargetDependency;
			name = "act-ios";
			targetProxy = 63098A4B1E04D5E100CF638D /* PBXContainerItemProxy */;
		};
		63CA9A501E037198002240BE /* PBXTargetDependency */ = {
			isa = PBXTargetDependency;
			name = "aft-macosx";
			targetProxy = 63CA9A4F1E037198002240BE /* PBXContainerItemProxy */;
		};
		63CA9A521E03719F002240BE /* PBXTargetDependency */ = {
			isa = PBXTargetDependency;
			name = "act-macosx";
			targetProxy = 63CA9A511E03719F002240BE /* PBXContainerItemProxy */;
		};
		63CA9A541E0371A6002240BE /* PBXTargetDependency */ = {
			isa = PBXTargetDependency;
			name = "agt-macosx";
			targetProxy = 63CA9A531E0371A6002240BE /* PBXContainerItemProxy */;
		};
/* End PBXTargetDependency section */

/* Begin PBXVariantGroup section */
		FA04E1CF15C4B4D700F7D2F1 /* Credits.rtf */ = {
			isa = PBXVariantGroup;
			children = (
				FA04E1D015C4B4D700F7D2F1 /* en */,
			);
			name = Credits.rtf;
			sourceTree = "<group>";
		};
		FA04E1D115C4B4D700F7D2F1 /* InfoPlist.strings */ = {
			isa = PBXVariantGroup;
			children = (
				FA04E1D215C4B4D700F7D2F1 /* en */,
			);
			name = InfoPlist.strings;
			sourceTree = "<group>";
		};
		FA04E1D315C4B4D700F7D2F1 /* MainWindow.xib */ = {
			isa = PBXVariantGroup;
			children = (
				FA04E1D415C4B4D700F7D2F1 /* en */,
			);
			name = MainWindow.xib;
			sourceTree = "<group>";
		};
/* End PBXVariantGroup section */

/* Begin XCBuildConfiguration section */
		FA9B160D15AA78B20017DCD5 /* Debug */ = {
			isa = XCBuildConfiguration;
			buildSettings = {
				ALWAYS_SEARCH_USER_PATHS = YES;
				CLANG_CXX_LANGUAGE_STANDARD = "c++0x";
				CLANG_CXX_LIBRARY = "libc++";
				CLANG_WARN_BOOL_CONVERSION = YES;
				CLANG_WARN_CONSTANT_CONVERSION = YES;
				CLANG_WARN_EMPTY_BODY = YES;
				CLANG_WARN_ENUM_CONVERSION = YES;
				CLANG_WARN_INFINITE_RECURSION = YES;
				CLANG_WARN_INT_CONVERSION = YES;
				CLANG_WARN_SUSPICIOUS_MOVE = YES;
				CLANG_WARN_UNREACHABLE_CODE = YES;
				CLANG_WARN__DUPLICATE_METHOD_MATCH = YES;
				ENABLE_STRICT_OBJC_MSGSEND = YES;
				ENABLE_TESTABILITY = YES;
				GCC_C_LANGUAGE_STANDARD = c99;
				GCC_NO_COMMON_BLOCKS = YES;
				GCC_WARN_64_TO_32_BIT_CONVERSION = YES;
				GCC_WARN_ABOUT_RETURN_TYPE = YES;
				GCC_WARN_UNDECLARED_SELECTOR = YES;
				GCC_WARN_UNUSED_FUNCTION = YES;
				GCC_WARN_UNUSED_VARIABLE = YES;
				HEADER_SEARCH_PATHS = (
					"$(TARGET_BUILD_DIR)/**",
					/opt/local/include,
					/usr/local/include,
				);
				LIBRARY_SEARCH_PATHS = /usr/local/lib;
				MACOSX_DEPLOYMENT_TARGET = 10.11;
				ONLY_ACTIVE_ARCH = YES;
				USER_HEADER_SEARCH_PATHS = "";
			};
			name = Debug;
		};
		FA9B160E15AA78B20017DCD5 /* Release */ = {
			isa = XCBuildConfiguration;
			buildSettings = {
				ALWAYS_SEARCH_USER_PATHS = YES;
				CLANG_CXX_LANGUAGE_STANDARD = "c++0x";
				CLANG_CXX_LIBRARY = "libc++";
				CLANG_WARN_BOOL_CONVERSION = YES;
				CLANG_WARN_CONSTANT_CONVERSION = YES;
				CLANG_WARN_EMPTY_BODY = YES;
				CLANG_WARN_ENUM_CONVERSION = YES;
				CLANG_WARN_INFINITE_RECURSION = YES;
				CLANG_WARN_INT_CONVERSION = YES;
				CLANG_WARN_SUSPICIOUS_MOVE = YES;
				CLANG_WARN_UNREACHABLE_CODE = YES;
				CLANG_WARN__DUPLICATE_METHOD_MATCH = YES;
				ENABLE_STRICT_OBJC_MSGSEND = YES;
				GCC_C_LANGUAGE_STANDARD = c99;
				GCC_NO_COMMON_BLOCKS = YES;
				GCC_WARN_64_TO_32_BIT_CONVERSION = YES;
				GCC_WARN_ABOUT_RETURN_TYPE = YES;
				GCC_WARN_UNDECLARED_SELECTOR = YES;
				GCC_WARN_UNINITIALIZED_AUTOS = YES;
				GCC_WARN_UNUSED_FUNCTION = YES;
				GCC_WARN_UNUSED_VARIABLE = YES;
				HEADER_SEARCH_PATHS = (
					"$(TARGET_BUILD_DIR)/**",
					/opt/local/include,
					/usr/local/include,
				);
				LIBRARY_SEARCH_PATHS = /usr/local/lib;
				MACOSX_DEPLOYMENT_TARGET = 10.11;
				USER_HEADER_SEARCH_PATHS = "";
			};
			name = Release;
		};
		FA9B163E15AA79B40017DCD5 /* Debug */ = {
			isa = XCBuildConfiguration;
			buildSettings = {
				"CODE_SIGN_IDENTITY[sdk=iphoneos*]" = "iPhone Developer";
				COPY_PHASE_STRIP = NO;
				DEVELOPMENT_TEAM = ZV6Z2UYZAZ;
				GCC_C_LANGUAGE_STANDARD = gnu99;
				GCC_DYNAMIC_NO_PIC = NO;
				GCC_OPTIMIZATION_LEVEL = 0;
				GCC_PRECOMPILE_PREFIX_HEADER = YES;
				GCC_PREFIX_HEADER = ../../../src/app/appios/appios_prefix.pch;
				GCC_PREPROCESSOR_DEFINITIONS = (
					"DEBUG=1",
					"$(inherited)",
				);
				GCC_SYMBOLS_PRIVATE_EXTERN = NO;
				"GCC_THUMB_SUPPORT[arch=armv6]" = "";
				GCC_WARN_ABOUT_RETURN_TYPE = YES;
				GCC_WARN_UNINITIALIZED_AUTOS = YES;
				GCC_WARN_UNUSED_VARIABLE = YES;
				INFOPLIST_FILE = "$(SRCROOT)/bugger-ios/bugger-ios-Info.plist";
				IPHONEOS_DEPLOYMENT_TARGET = 8.0;
				LIBRARY_SEARCH_PATHS = (
					"$(SDKROOT)",
					"$(inherited)",
				);
				PRODUCT_BUNDLE_IDENTIFIER = "Sophic-Studios.${PRODUCT_NAME:rfc1034identifier}";
				PRODUCT_NAME = "bugger-ios";
				SDKROOT = iphoneos;
				TARGETED_DEVICE_FAMILY = "1,2";
				WRAPPER_EXTENSION = app;
			};
			name = Debug;
		};
		FA9B163F15AA79B40017DCD5 /* Release */ = {
			isa = XCBuildConfiguration;
			buildSettings = {
				"CODE_SIGN_IDENTITY[sdk=iphoneos*]" = "iPhone Developer";
				COPY_PHASE_STRIP = YES;
				DEVELOPMENT_TEAM = ZV6Z2UYZAZ;
				GCC_C_LANGUAGE_STANDARD = gnu99;
				GCC_PRECOMPILE_PREFIX_HEADER = YES;
				GCC_PREFIX_HEADER = ../../../src/app/appios/appios_prefix.pch;
				"GCC_THUMB_SUPPORT[arch=armv6]" = "";
				GCC_WARN_ABOUT_RETURN_TYPE = YES;
				GCC_WARN_UNINITIALIZED_AUTOS = YES;
				GCC_WARN_UNUSED_VARIABLE = YES;
				INFOPLIST_FILE = "$(SRCROOT)/bugger-ios/bugger-ios-Info.plist";
				IPHONEOS_DEPLOYMENT_TARGET = 8.0;
				LIBRARY_SEARCH_PATHS = (
					"$(SDKROOT)",
					"$(inherited)",
				);
				OTHER_CFLAGS = "-DNS_BLOCK_ASSERTIONS=1";
				PRODUCT_BUNDLE_IDENTIFIER = "Sophic-Studios.${PRODUCT_NAME:rfc1034identifier}";
				PRODUCT_NAME = "bugger-ios";
				SDKROOT = iphoneos;
				TARGETED_DEVICE_FAMILY = "1,2";
				VALIDATE_PRODUCT = YES;
				WRAPPER_EXTENSION = app;
			};
			name = Release;
		};
		FAF9E4D915C9CCFC00601463 /* Debug */ = {
			isa = XCBuildConfiguration;
			buildSettings = {
				ALWAYS_SEARCH_USER_PATHS = YES;
				COPY_PHASE_STRIP = NO;
				FRAMEWORK_SEARCH_PATHS = "$(inherited)";
				GCC_DYNAMIC_NO_PIC = NO;
				GCC_ENABLE_OBJC_EXCEPTIONS = YES;
				GCC_OPTIMIZATION_LEVEL = 0;
				GCC_PRECOMPILE_PREFIX_HEADER = YES;
				GCC_PREFIX_HEADER = ../../../src/app/appmac/appmac_prefix.pch;
				GCC_PREPROCESSOR_DEFINITIONS = (
					"DEBUG=1",
					"$(inherited)",
				);
				GCC_SYMBOLS_PRIVATE_EXTERN = NO;
				GCC_WARN_64_TO_32_BIT_CONVERSION = YES;
				GCC_WARN_ABOUT_RETURN_TYPE = YES;
				GCC_WARN_UNUSED_VARIABLE = YES;
				INFOPLIST_FILE = "$(SRCROOT)/bugger-macosx/bugger-macosx-Info.plist";
				LIBRARY_SEARCH_PATHS = "$(inherited)";
				ONLY_ACTIVE_ARCH = YES;
				PRODUCT_BUNDLE_IDENTIFIER = "Sophic-Studios.${PRODUCT_NAME:rfc1034identifier}";
				PRODUCT_NAME = "bugger-macosx";
				PUBLIC_HEADERS_FOLDER_PATH = "wrangler-macosx/wrangler-macosx-Info.plist";
				WRAPPER_EXTENSION = app;
			};
			name = Debug;
		};
		FAF9E4DA15C9CCFC00601463 /* Release */ = {
			isa = XCBuildConfiguration;
			buildSettings = {
				ALWAYS_SEARCH_USER_PATHS = YES;
				COPY_PHASE_STRIP = YES;
				DEBUG_INFORMATION_FORMAT = "dwarf-with-dsym";
				FRAMEWORK_SEARCH_PATHS = "$(inherited)";
				GCC_ENABLE_OBJC_EXCEPTIONS = YES;
				GCC_PRECOMPILE_PREFIX_HEADER = YES;
				GCC_PREFIX_HEADER = ../../../src/app/appmac/appmac_prefix.pch;
				GCC_WARN_64_TO_32_BIT_CONVERSION = YES;
				GCC_WARN_ABOUT_RETURN_TYPE = YES;
				GCC_WARN_UNUSED_VARIABLE = YES;
				INFOPLIST_FILE = "$(SRCROOT)/bugger-macosx/bugger-macosx-Info.plist";
				LIBRARY_SEARCH_PATHS = "$(inherited)";
				PRODUCT_BUNDLE_IDENTIFIER = "Sophic-Studios.${PRODUCT_NAME:rfc1034identifier}";
				PRODUCT_NAME = "bugger-macosx";
				PUBLIC_HEADERS_FOLDER_PATH = "wrangler-macosx/wrangler-macosx-Info.plist";
				WRAPPER_EXTENSION = app;
			};
			name = Release;
		};
/* End XCBuildConfiguration section */

/* Begin XCConfigurationList section */
		FA9B160B15AA78B20017DCD5 /* Build configuration list for PBXProject "bugger" */ = {
			isa = XCConfigurationList;
			buildConfigurations = (
				FA9B160D15AA78B20017DCD5 /* Debug */,
				FA9B160E15AA78B20017DCD5 /* Release */,
			);
			defaultConfigurationIsVisible = 0;
			defaultConfigurationName = Release;
		};
		FA9B163D15AA79B40017DCD5 /* Build configuration list for PBXNativeTarget "bugger-ios" */ = {
			isa = XCConfigurationList;
			buildConfigurations = (
				FA9B163E15AA79B40017DCD5 /* Debug */,
				FA9B163F15AA79B40017DCD5 /* Release */,
			);
			defaultConfigurationIsVisible = 0;
			defaultConfigurationName = Release;
		};
		FAF9E4D815C9CCFC00601463 /* Build configuration list for PBXNativeTarget "bugger-macosx" */ = {
			isa = XCConfigurationList;
			buildConfigurations = (
				FAF9E4D915C9CCFC00601463 /* Debug */,
				FAF9E4DA15C9CCFC00601463 /* Release */,
			);
			defaultConfigurationIsVisible = 0;
			defaultConfigurationName = Release;
		};
/* End XCConfigurationList section */
	};
	rootObject = FA9B160815AA78B20017DCD5 /* Project object */;
}
